
Microsoft Visual Studio Solution File, Format Version 12.00
# Visual Studio Version 17
VisualStudioVersion = 17.9.34714.143
MinimumVisualStudioVersion = 10.0.40219.1
Project("{9A19103F-16F7-4668-BE54-9A1E7A4F7556}") = "WebApplication1", "WebApplication1\WebApplication1.csproj", "{30FB973A-36EB-413C-BEE8-D8EB7FBF3646}"
EndProject
Global
	GlobalSection(SolutionConfigurationPlatforms) = preSolution
		Debug|Any CPU = Debug|Any CPU
		Release|Any CPU = Release|Any CPU
	EndGlobalSection
	GlobalSection(ProjectConfigurationPlatforms) = postSolution
		{30FB973A-36EB-413C-BEE8-D8EB7FBF3646}.Debug|Any CPU.ActiveCfg = Debug|Any CPU
		{30FB973A-36EB-413C-BEE8-D8EB7FBF3646}.Debug|Any CPU.Build.0 = Debug|Any CPU
		{30FB973A-36EB-413C-BEE8-D8EB7FBF3646}.Release|Any CPU.ActiveCfg = Release|Any CPU
		{30FB973A-36EB-413C-BEE8-D8EB7FBF3646}.Release|Any CPU.Build.0 = Release|Any CPU
	EndGlobalSection
	GlobalSection(SolutionProperties) = preSolution
		HideSolutionNode = FALSE
	EndGlobalSection
	GlobalSection(ExtensibilityGlobals) = postSolution
		SolutionGuid = {CCECA3F0-1E4A-47F9-B47F-6B1E3ADB1CB9}
	EndGlobalSection
EndGlobal
